// !$*UTF8*$!
{
	archiveVersion = 1;
	classes = {
	};
	objectVersion = 46;
	objects = {

/* Begin PBXBuildFile section */
		4F251C101E88C0AA004E2EA1 /* main.m in Sources */ = {isa = PBXBuildFile; fileRef = 4F251C0F1E88C0AA004E2EA1 /* main.m */; };
		4F251C131E88C0AA004E2EA1 /* AppDelegate.m in Sources */ = {isa = PBXBuildFile; fileRef = 4F251C121E88C0AA004E2EA1 /* AppDelegate.m */; };
		4F251C161E88C0AA004E2EA1 /* ViewController.m in Sources */ = {isa = PBXBuildFile; fileRef = 4F251C151E88C0AA004E2EA1 /* ViewController.m */; };
		4F251C191E88C0AA004E2EA1 /* Main.storyboard in Resources */ = {isa = PBXBuildFile; fileRef = 4F251C171E88C0AA004E2EA1 /* Main.storyboard */; };
		4F251C1B1E88C0AA004E2EA1 /* Assets.xcassets in Resources */ = {isa = PBXBuildFile; fileRef = 4F251C1A1E88C0AA004E2EA1 /* Assets.xcassets */; };
		4F251C1E1E88C0AA004E2EA1 /* LaunchScreen.storyboard in Resources */ = {isa = PBXBuildFile; fileRef = 4F251C1C1E88C0AA004E2EA1 /* LaunchScreen.storyboard */; };
/* End PBXBuildFile section */

/* Begin PBXFileReference section */
		4F251C0B1E88C0AA004E2EA1 /* Hello iOS.app */ = {isa = PBXFileReference; explicitFileType = wrapper.application; includeInIndex = 0; path = "Hello iOS.app"; sourceTree = BUILT_PRODUCTS_DIR; };
		4F251C0F1E88C0AA004E2EA1 /* main.m */ = {isa = PBXFileReference; lastKnownFileType = sourcecode.c.objc; path = main.m; sourceTree = "<group>"; };
		4F251C111E88C0AA004E2EA1 /* AppDelegate.h */ = {isa = PBXFileReference; lastKnownFileType = sourcecode.c.h; path = AppDelegate.h; sourceTree = "<group>"; };
		4F251C121E88C0AA004E2EA1 /* AppDelegate.m */ = {isa = PBXFileReference; lastKnownFileType = sourcecode.c.objc; path = AppDelegate.m; sourceTree = "<group>"; };
		4F251C141E88C0AA004E2EA1 /* ViewController.h */ = {isa = PBXFileReference; lastKnownFileType = sourcecode.c.h; path = ViewController.h; sourceTree = "<group>"; };
		4F251C151E88C0AA004E2EA1 /* ViewController.m */ = {isa = PBXFileReference; lastKnownFileType = sourcecode.c.objc; path = ViewController.m; sourceTree = "<group>"; };
		4F251C181E88C0AA004E2EA1 /* Base */ = {isa = PBXFileReference; lastKnownFileType = file.storyboard; name = Base; path = Base.lproj/Main.storyboard; sourceTree = "<group>"; };
		4F251C1A1E88C0AA004E2EA1 /* Assets.xcassets */ = {isa = PBXFileReference; lastKnownFileType = folder.assetcatalog; path = Assets.xcassets; sourceTree = "<group>"; };
		4F251C1D1E88C0AA004E2EA1 /* Base */ = {isa = PBXFileReference; lastKnownFileType = file.storyboard; name = Base; path = Base.lproj/LaunchScreen.storyboard; sourceTree = "<group>"; };
		4F251C1F1E88C0AA004E2EA1 /* Info.plist */ = {isa = PBXFileReference; lastKnownFileType = text.plist.xml; path = Info.plist; sourceTree = "<group>"; };
/* End PBXFileReference section */

/* Begin PBXFrameworksBuildPhase section */
		4F251C081E88C0AA004E2EA1 /* Frameworks */ = {
			isa = PBXFrameworksBuildPhase;
			buildActionMask = 2147483647;
			files = (
			);
			runOnlyForDeploymentPostprocessing = 0;
		};
/* End PBXFrameworksBuildPhase section */

/* Begin PBXGroup section */
		4F251C021E88C0AA004E2EA1 = {
			isa = PBXGroup;
			children = (
				4F251C0D1E88C0AA004E2EA1 /* Hello iOS */,
				4F251C0C1E88C0AA004E2EA1 /* Products */,
			);
			sourceTree = "<group>";
		};
		4F251C0C1E88C0AA004E2EA1 /* Products */ = {
			isa = PBXGroup;
			children = (
				4F251C0B1E88C0AA004E2EA1 /* Hello iOS.app */,
			);
			name = Products;
			sourceTree = "<group>";
		};
		4F251C0D1E88C0AA004E2EA1 /* Hello iOS */ = {
			isa = PBXGroup;
			children = (
				4F251C111E88C0AA004E2EA1 /* AppDelegate.h */,
				4F251C121E88C0AA004E2EA1 /* AppDelegate.m */,
				4F251C141E88C0AA004E2EA1 /* ViewController.h */,
				4F251C151E88C0AA004E2EA1 /* ViewController.m */,
				4F251C171E88C0AA004E2EA1 /* Main.storyboard */,
				4F251C1A1E88C0AA004E2EA1 /* Assets.xcassets */,
				4F251C1C1E88C0AA004E2EA1 /* LaunchScreen.storyboard */,
				4F251C1F1E88C0AA004E2EA1 /* Info.plist */,
				4F251C0E1E88C0AA004E2EA1 /* Supporting Files */,
			);
			path = "Hello iOS";
			sourceTree = "<group>";
		};
		4F251C0E1E88C0AA004E2EA1 /* Supporting Files */ = {
			isa = PBXGroup;
			children = (
				4F251C0F1E88C0AA004E2EA1 /* main.m */,
			);
			name = "Supporting Files";
			sourceTree = "<group>";
		};
/* End PBXGroup section */

/* Begin PBXNativeTarget section */
		4F251C0A1E88C0AA004E2EA1 /* Hello iOS */ = {
			isa = PBXNativeTarget;
			buildConfigurationList = 4F251C221E88C0AA004E2EA1 /* Build configuration list for PBXNativeTarget "Hello iOS" */;
			buildPhases = (
				4F251C071E88C0AA004E2EA1 /* Sources */,
				4F251C081E88C0AA004E2EA1 /* Frameworks */,
				4F251C091E88C0AA004E2EA1 /* Resources */,
			);
			buildRules = (
			);
			dependencies = (
			);
			name = "Hello iOS";
			productName = "Hello iOS";
			productReference = 4F251C0B1E88C0AA004E2EA1 /* Hello iOS.app */;
			productType = "com.apple.product-type.application";
		};
/* End PBXNativeTarget section */

/* Begin PBXProject section */
		4F251C031E88C0AA004E2EA1 /* Project object */ = {
			isa = PBXProject;
			attributes = {
				LastUpgradeCheck = 0730;
				ORGANIZATIONNAME = "Noah Marriott";
				TargetAttributes = {
					4F251C0A1E88C0AA004E2EA1 = {
						CreatedOnToolsVersion = 7.3.1;
						DevelopmentTeam = 295SA56L2N;
					};
				};
			};
			buildConfigurationList = 4F251C061E88C0AA004E2EA1 /* Build configuration list for PBXProject "Hello iOS" */;
			compatibilityVersion = "Xcode 3.2";
			developmentRegion = English;
			hasScannedForEncodings = 0;
			knownRegions = (
				en,
				Base,
			);
			mainGroup = 4F251C021E88C0AA004E2EA1;
			productRefGroup = 4F251C0C1E88C0AA004E2EA1 /* Products */;
			projectDirPath = "";
			projectRoot = "";
			targets = (
				4F251C0A1E88C0AA004E2EA1 /* Hello iOS */,
			);
		};
/* End PBXProject section */

/* Begin PBXResourcesBuildPhase section */
		4F251C091E88C0AA004E2EA1 /* Resources */ = {
			isa = PBXResourcesBuildPhase;
			buildActionMask = 2147483647;
			files = (
				4F251C1E1E88C0AA004E2EA1 /* LaunchScreen.storyboard in Resources */,
				4F251C1B1E88C0AA004E2EA1 /* Assets.xcassets in Resources */,
				4F251C191E88C0AA004E2EA1 /* Main.storyboard in Resources */,
			);
			runOnlyForDeploymentPostprocessing = 0;
		};
/* End PBXResourcesBuildPhase section */

/* Begin PBXSourcesBuildPhase section */
		4F251C071E88C0AA004E2EA1 /* Sources */ = {
			isa = PBXSourcesBuildPhase;
			buildActionMask = 2147483647;
			files = (
				4F251C161E88C0AA004E2EA1 /* ViewController.m in Sources */,
				4F251C131E88C0AA004E2EA1 /* AppDelegate.m in Sources */,
				4F251C101E88C0AA004E2EA1 /* main.m in Sources */,
			);
			runOnlyForDeploymentPostprocessing = 0;
		};
/* End PBXSourcesBuildPhase section */

/* Begin PBXVariantGroup section */
		4F251C171E88C0AA004E2EA1 /* Main.storyboard */ = {
			isa = PBXVariantGroup;
			children = (
				4F251C181E88C0AA004E2EA1 /* Base */,
			);
			name = Main.storyboard;
			sourceTree = "<group>";
		};
		4F251C1C1E88C0AA004E2EA1 /* LaunchScreen.storyboard */ = {
			isa = PBXVariantGroup;
			children = (
				4F251C1D1E88C0AA004E2EA1 /* Base */,
			);
			name = LaunchScreen.storyboard;
			sourceTree = "<group>";
		};
/* End PBXVariantGroup section */

/* Begin XCBuildConfiguration section */
		4F251C201E88C0AA004E2EA1 /* Debug */ = {
			isa = XCBuildConfiguration;
			buildSettings = {
				ALWAYS_SEARCH_USER_PATHS = NO;
				CLANG_ANALYZER_NONNULL = YES;
				CLANG_CXX_LANGUAGE_STANDARD = "gnu++0x";
				CLANG_CXX_LIBRARY = "libc++";
				CLANG_ENABLE_MODULES = YES;
				CLANG_ENABLE_OBJC_ARC = YES;
				CLANG_WARN_BOOL_CONVERSION = YES;
				CLANG_WARN_CONSTANT_CONVERSION = YES;
				CLANG_WARN_DIRECT_OBJC_ISA_USAGE = YES_ERROR;
				CLANG_WARN_EMPTY_BODY = YES;
				CLANG_WARN_ENUM_CONVERSION = YES;
				CLANG_WARN_INT_CONVERSION = YES;
				CLANG_WARN_OBJC_ROOT_CLASS = YES_ERROR;
				CLANG_WARN_UNREACHABLE_CODE = YES;
				CLANG_WARN__DUPLICATE_METHOD_MATCH = YES;
				"CODE_SIGN_IDENTITY[sdk=iphoneos*]" = "iPhone Developer";
				COPY_PHASE_STRIP = NO;
				DEBUG_INFORMATION_FORMAT = dwarf;
				ENABLE_STRICT_OBJC_MSGSEND = YES;
				ENABLE_TESTABILITY = YES;
				GCC_C_LANGUAGE_STANDARD = gnu99;
				GCC_DYNAMIC_NO_PIC = NO;
				GCC_NO_COMMON_BLOCKS = YES;
				GCC_OPTIMIZATION_LEVEL = 0;
				GCC_PREPROCESSOR_DEFINITIONS = (
					"DEBUG=1",
					"$(inherited)",
				);
				GCC_WARN_64_TO_32_BIT_CONVERSION = YES;
				GCC_WARN_ABOUT_RETURN_TYPE = YES_ERROR;
				GCC_WARN_UNDECLARED_SELECTOR = YES;
				GCC_WARN_UNINITIALIZED_AUTOS = YES_AGGRESSIVE;
				GCC_WARN_UNUSED_FUNCTION = YES;
				GCC_WARN_UNUSED_VARIABLE = YES;
				IPHONEOS_DEPLOYMENT_TARGET = 9.3;
				MTL_ENABLE_DEBUG_INFO = YES;
				ONLY_ACTIVE_ARCH = YES;
				SDKROOT = iphoneos;
			};
			name = Debug;
		};
		4F251C211E88C0AA004E2EA1 /* Release */ = {
			isa = XCBuildConfiguration;
			buildSettings = {
				ALWAYS_SEARCH_USER_PATHS = NO;
				CLANG_ANALYZER_NONNULL = YES;
				CLANG_CXX_LANGUAGE_STANDARD = "gnu++0x";
				CLANG_CXX_LIBRARY = "libc++";
				CLANG_ENABLE_MODULES = YES;
				CLANG_ENABLE_OBJC_ARC = YES;
				CLANG_WARN_BOOL_CONVERSION = YES;
				CLANG_WARN_CONSTANT_CONVERSION = YES;
				CLANG_WARN_DIRECT_OBJC_ISA_USAGE = YES_ERROR;
				CLANG_WARN_EMPTY_BODY = YES;
				CLANG_WARN_ENUM_CONVERSION = YES;
				CLANG_WARN_INT_CONVERSION = YES;
				CLANG_WARN_OBJC_ROOT_CLASS = YES_ERROR;
				CLANG_WARN_UNREACHABLE_CODE = YES;
				CLANG_WARN__DUPLICATE_METHOD_MATCH = YES;
				"CODE_SIGN_IDENTITY[sdk=iphoneos*]" = "iPhone Developer";
				COPY_PHASE_STRIP = NO;
				DEBUG_INFORMATION_FORMAT = "dwarf-with-dsym";
				ENABLE_NS_ASSERTIONS = NO;
				ENABLE_STRICT_OBJC_MSGSEND = YES;
				GCC_C_LANGUAGE_STANDARD = gnu99;
				GCC_NO_COMMON_BLOCKS = YES;
				GCC_WARN_64_TO_32_BIT_CONVERSION = YES;
				GCC_WARN_ABOUT_RETURN_TYPE = YES_ERROR;
				GCC_WARN_UNDECLARED_SELECTOR = YES;
				GCC_WARN_UNINITIALIZED_AUTOS = YES_AGGRESSIVE;
				GCC_WARN_UNUSED_FUNCTION = YES;
				GCC_WARN_UNUSED_VARIABLE = YES;
				IPHONEOS_DEPLOYMENT_TARGET = 9.3;
				MTL_ENABLE_DEBUG_INFO = NO;
				SDKROOT = iphoneos;
				VALIDATE_PRODUCT = YES;
			};
			name = Release;
		};
		4F251C231E88C0AA004E2EA1 /* Debug */ = {
			isa = XCBuildConfiguration;
			buildSettings = {
				ASSETCATALOG_COMPILER_APPICON_NAME = AppIcon;
				INFOPLIST_FILE = "Hello iOS/Info.plist";
				LD_RUNPATH_SEARCH_PATHS = "$(inherited) @executable_path/Frameworks";
				PRODUCT_BUNDLE_IDENTIFIER = "com.triyada.Hello-iOS";
				PRODUCT_NAME = "$(TARGET_NAME)";
			};
			name = Debug;
		};
		4F251C241E88C0AA004E2EA1 /* Release */ = {
			isa = XCBuildConfiguration;
			buildSettings = {
				ASSETCATALOG_COMPILER_APPICON_NAME = AppIcon;
				INFOPLIST_FILE = "Hello iOS/Info.plist";
				LD_RUNPATH_SEARCH_PATHS = "$(inherited) @executable_path/Frameworks";
				PRODUCT_BUNDLE_IDENTIFIER = "com.triyada.Hello-iOS";
				PRODUCT_NAME = "$(TARGET_NAME)";
			};
			name = Release;
		};
/* End XCBuildConfiguration section */

/* Begin XCConfigurationList section */
		4F251C061E88C0AA004E2EA1 /* Build configuration list for PBXProject "Hello iOS" */ = {
			isa = XCConfigurationList;
			buildConfigurations = (
				4F251C201E88C0AA004E2EA1 /* Debug */,
				4F251C211E88C0AA004E2EA1 /* Release */,
			);
			defaultConfigurationIsVisible = 0;
			defaultConfigurationName = Release;
		};
		4F251C221E88C0AA004E2EA1 /* Build configuration list for PBXNativeTarget "Hello iOS" */ = {
			isa = XCConfigurationList;
			buildConfigurations = (
				4F251C231E88C0AA004E2EA1 /* Debug */,
				4F251C241E88C0AA004E2EA1 /* Release */,
			);
			defaultConfigurationIsVisible = 0;
		};
/* End XCConfigurationList section */
	};
	rootObject = 4F251C031E88C0AA004E2EA1 /* Project object */;
}
